// !$*UTF8*$!
{
	archiveVersion = 1;
	classes = {
	};
	objectVersion = 46;
	objects = {

/* Begin PBXBuildFile section */
		8710AB691A36D027000A1362 /* AppDelegate.swift in Sources */ = {isa = PBXBuildFile; fileRef = 8710AB681A36D027000A1362 /* AppDelegate.swift */; };
		8710AB6C1A36D027000A1362 /* AlienClient.xcdatamodeld in Sources */ = {isa = PBXBuildFile; fileRef = 8710AB6A1A36D027000A1362 /* AlienClient.xcdatamodeld */; };
		8710AB6E1A36D027000A1362 /* ViewController.swift in Sources */ = {isa = PBXBuildFile; fileRef = 8710AB6D1A36D027000A1362 /* ViewController.swift */; };
		8710AB711A36D027000A1362 /* Main.storyboard in Resources */ = {isa = PBXBuildFile; fileRef = 8710AB6F1A36D027000A1362 /* Main.storyboard */; };
		8710AB731A36D027000A1362 /* Images.xcassets in Resources */ = {isa = PBXBuildFile; fileRef = 8710AB721A36D027000A1362 /* Images.xcassets */; };
		8710AB761A36D027000A1362 /* LaunchScreen.xib in Resources */ = {isa = PBXBuildFile; fileRef = 8710AB741A36D027000A1362 /* LaunchScreen.xib */; };
		8710AB821A36D027000A1362 /* AlienClientTests.swift in Sources */ = {isa = PBXBuildFile; fileRef = 8710AB811A36D027000A1362 /* AlienClientTests.swift */; };
		8710AB971A36D0BD000A1362 /* Alamofire.framework in Copy Frameworks */ = {isa = PBXBuildFile; fileRef = 8710AB911A36D092000A1362 /* Alamofire.framework */; settings = {ATTRIBUTES = (CodeSignOnCopy, RemoveHeadersOnCopy, ); }; };
		87229A1B1A3A7FA60087443D /* Quick.framework in Copy Frameworks */ = {isa = PBXBuildFile; fileRef = 87229A171A3A7F8B0087443D /* Quick.framework */; settings = {ATTRIBUTES = (CodeSignOnCopy, RemoveHeadersOnCopy, ); }; };
		87229A1C1A3A7FA60087443D /* Nimble.framework in Copy Frameworks */ = {isa = PBXBuildFile; fileRef = 87229A031A3A7F850087443D /* Nimble.framework */; settings = {ATTRIBUTES = (CodeSignOnCopy, RemoveHeadersOnCopy, ); }; };
		8754BF491A3EC18D002FD73E /* AsyncTests.swift in Sources */ = {isa = PBXBuildFile; fileRef = 8754BF481A3EC18D002FD73E /* AsyncTests.swift */; };
/* End PBXBuildFile section */

/* Begin PBXContainerItemProxy section */
		8710AB7C1A36D027000A1362 /* PBXContainerItemProxy */ = {
			isa = PBXContainerItemProxy;
			containerPortal = 8710AB5B1A36D026000A1362 /* Project object */;
			proxyType = 1;
			remoteGlobalIDString = 8710AB621A36D026000A1362;
			remoteInfo = AlienClient;
		};
		8710AB901A36D092000A1362 /* PBXContainerItemProxy */ = {
			isa = PBXContainerItemProxy;
			containerPortal = 8710AB8B1A36D092000A1362 /* Alamofire.xcodeproj */;
			proxyType = 2;
			remoteGlobalIDString = F8111E3319A95C8B0040E7D1;
			remoteInfo = Alamofire;
		};
		8710AB921A36D092000A1362 /* PBXContainerItemProxy */ = {
			isa = PBXContainerItemProxy;
			containerPortal = 8710AB8B1A36D092000A1362 /* Alamofire.xcodeproj */;
			proxyType = 2;
			remoteGlobalIDString = F8111E3E19A95C8B0040E7D1;
			remoteInfo = AlamofireTests;
		};
		8710AB941A36D09C000A1362 /* PBXContainerItemProxy */ = {
			isa = PBXContainerItemProxy;
			containerPortal = 8710AB8B1A36D092000A1362 /* Alamofire.xcodeproj */;
			proxyType = 1;
			remoteGlobalIDString = F8111E3219A95C8B0040E7D1;
			remoteInfo = Alamofire;
		};
		87229A021A3A7F850087443D /* PBXContainerItemProxy */ = {
			isa = PBXContainerItemProxy;
			containerPortal = 872299FA1A3A7F850087443D /* Nimble.xcodeproj */;
			proxyType = 2;
			remoteGlobalIDString = 1F1A74291940169200FFFC47;
			remoteInfo = "Nimble-iOS";
		};
		87229A041A3A7F850087443D /* PBXContainerItemProxy */ = {
			isa = PBXContainerItemProxy;
			containerPortal = 872299FA1A3A7F850087443D /* Nimble.xcodeproj */;
			proxyType = 2;
			remoteGlobalIDString = 1F1A74341940169200FFFC47;
			remoteInfo = "Nimble-iOSTests";
		};
		87229A061A3A7F850087443D /* PBXContainerItemProxy */ = {
			isa = PBXContainerItemProxy;
			containerPortal = 872299FA1A3A7F850087443D /* Nimble.xcodeproj */;
			proxyType = 2;
			remoteGlobalIDString = 1F925EAD195C0D6300ED456B;
			remoteInfo = "Nimble-OSX";
		};
		87229A081A3A7F850087443D /* PBXContainerItemProxy */ = {
			isa = PBXContainerItemProxy;
			containerPortal = 872299FA1A3A7F850087443D /* Nimble.xcodeproj */;
			proxyType = 2;
			remoteGlobalIDString = 1F925EB7195C0D6300ED456B;
			remoteInfo = "Nimble-OSXTests";
		};
		87229A121A3A7F8B0087443D /* PBXContainerItemProxy */ = {
			isa = PBXContainerItemProxy;
			containerPortal = 87229A0A1A3A7F8B0087443D /* Quick.xcodeproj */;
			proxyType = 2;
			remoteGlobalIDString = DAEB6B8E1943873100289F44;
			remoteInfo = "Quick-OSX";
		};
		87229A141A3A7F8B0087443D /* PBXContainerItemProxy */ = {
			isa = PBXContainerItemProxy;
			containerPortal = 87229A0A1A3A7F8B0087443D /* Quick.xcodeproj */;
			proxyType = 2;
			remoteGlobalIDString = DAEB6B991943873100289F44;
			remoteInfo = "Quick-OSXTests";
		};
		87229A161A3A7F8B0087443D /* PBXContainerItemProxy */ = {
			isa = PBXContainerItemProxy;
			containerPortal = 87229A0A1A3A7F8B0087443D /* Quick.xcodeproj */;
			proxyType = 2;
			remoteGlobalIDString = 5A5D117C19473F2100F6D13D;
			remoteInfo = "Quick-iOS";
		};
		87229A181A3A7F8B0087443D /* PBXContainerItemProxy */ = {
			isa = PBXContainerItemProxy;
			containerPortal = 87229A0A1A3A7F8B0087443D /* Quick.xcodeproj */;
			proxyType = 2;
			remoteGlobalIDString = 5A5D118619473F2100F6D13D;
			remoteInfo = "Quick-iOSTests";
		};
		87229A1E1A3A7FB30087443D /* PBXContainerItemProxy */ = {
			isa = PBXContainerItemProxy;
			containerPortal = 87229A0A1A3A7F8B0087443D /* Quick.xcodeproj */;
			proxyType = 1;
			remoteGlobalIDString = 5A5D117B19473F2100F6D13D;
			remoteInfo = "Quick-iOS";
		};
		87229A201A3A7FB30087443D /* PBXContainerItemProxy */ = {
			isa = PBXContainerItemProxy;
			containerPortal = 872299FA1A3A7F850087443D /* Nimble.xcodeproj */;
			proxyType = 1;
			remoteGlobalIDString = 1F1A74281940169200FFFC47;
			remoteInfo = "Nimble-iOS";
		};
/* End PBXContainerItemProxy section */

/* Begin PBXCopyFilesBuildPhase section */
		8710AB961A36D0AD000A1362 /* Copy Frameworks */ = {
			isa = PBXCopyFilesBuildPhase;
			buildActionMask = 2147483647;
			dstPath = "";
			dstSubfolderSpec = 10;
			files = (
				87229A1B1A3A7FA60087443D /* Quick.framework in Copy Frameworks */,
				87229A1C1A3A7FA60087443D /* Nimble.framework in Copy Frameworks */,
				8710AB971A36D0BD000A1362 /* Alamofire.framework in Copy Frameworks */,
			);
			name = "Copy Frameworks";
			runOnlyForDeploymentPostprocessing = 0;
		};
/* End PBXCopyFilesBuildPhase section */

/* Begin PBXFileReference section */
		8710AB631A36D026000A1362 /* AlienClient.app */ = {isa = PBXFileReference; explicitFileType = wrapper.application; includeInIndex = 0; path = AlienClient.app; sourceTree = BUILT_PRODUCTS_DIR; };
		8710AB671A36D027000A1362 /* Info.plist */ = {isa = PBXFileReference; lastKnownFileType = text.plist.xml; path = Info.plist; sourceTree = "<group>"; };
		8710AB681A36D027000A1362 /* AppDelegate.swift */ = {isa = PBXFileReference; lastKnownFileType = sourcecode.swift; path = AppDelegate.swift; sourceTree = "<group>"; };
		8710AB6B1A36D027000A1362 /* AlienClient.xcdatamodel */ = {isa = PBXFileReference; lastKnownFileType = wrapper.xcdatamodel; path = AlienClient.xcdatamodel; sourceTree = "<group>"; };
		8710AB6D1A36D027000A1362 /* ViewController.swift */ = {isa = PBXFileReference; lastKnownFileType = sourcecode.swift; path = ViewController.swift; sourceTree = "<group>"; };
		8710AB701A36D027000A1362 /* Base */ = {isa = PBXFileReference; lastKnownFileType = file.storyboard; name = Base; path = Base.lproj/Main.storyboard; sourceTree = "<group>"; };
		8710AB721A36D027000A1362 /* Images.xcassets */ = {isa = PBXFileReference; lastKnownFileType = folder.assetcatalog; path = Images.xcassets; sourceTree = "<group>"; };
		8710AB751A36D027000A1362 /* Base */ = {isa = PBXFileReference; lastKnownFileType = file.xib; name = Base; path = Base.lproj/LaunchScreen.xib; sourceTree = "<group>"; };
		8710AB7B1A36D027000A1362 /* AlienClientTests.xctest */ = {isa = PBXFileReference; explicitFileType = wrapper.cfbundle; includeInIndex = 0; path = AlienClientTests.xctest; sourceTree = BUILT_PRODUCTS_DIR; };
		8710AB801A36D027000A1362 /* Info.plist */ = {isa = PBXFileReference; lastKnownFileType = text.plist.xml; path = Info.plist; sourceTree = "<group>"; };
		8710AB811A36D027000A1362 /* AlienClientTests.swift */ = {isa = PBXFileReference; lastKnownFileType = sourcecode.swift; path = AlienClientTests.swift; sourceTree = "<group>"; };
		8710AB8B1A36D092000A1362 /* Alamofire.xcodeproj */ = {isa = PBXFileReference; lastKnownFileType = "wrapper.pb-project"; name = Alamofire.xcodeproj; path = Alamofire/Alamofire.xcodeproj; sourceTree = "<group>"; };
		872299FA1A3A7F850087443D /* Nimble.xcodeproj */ = {isa = PBXFileReference; lastKnownFileType = "wrapper.pb-project"; name = Nimble.xcodeproj; path = Vendor/Nimble/Nimble.xcodeproj; sourceTree = "<group>"; };
		87229A0A1A3A7F8B0087443D /* Quick.xcodeproj */ = {isa = PBXFileReference; lastKnownFileType = "wrapper.pb-project"; name = Quick.xcodeproj; path = Vendor/Quick/Quick.xcodeproj; sourceTree = "<group>"; };
		8754BF481A3EC18D002FD73E /* AsyncTests.swift */ = {isa = PBXFileReference; fileEncoding = 4; lastKnownFileType = sourcecode.swift; path = AsyncTests.swift; sourceTree = "<group>"; };
/* End PBXFileReference section */

/* Begin PBXFrameworksBuildPhase section */
		8710AB601A36D026000A1362 /* Frameworks */ = {
			isa = PBXFrameworksBuildPhase;
			buildActionMask = 2147483647;
			files = (
			);
			runOnlyForDeploymentPostprocessing = 0;
		};
		8710AB781A36D027000A1362 /* Frameworks */ = {
			isa = PBXFrameworksBuildPhase;
			buildActionMask = 2147483647;
			files = (
			);
			runOnlyForDeploymentPostprocessing = 0;
		};
/* End PBXFrameworksBuildPhase section */

/* Begin PBXGroup section */
		8710AB5A1A36D026000A1362 = {
			isa = PBXGroup;
			children = (
				87229A0A1A3A7F8B0087443D /* Quick.xcodeproj */,
				872299FA1A3A7F850087443D /* Nimble.xcodeproj */,
				8710AB8B1A36D092000A1362 /* Alamofire.xcodeproj */,
				8710AB651A36D026000A1362 /* AlienClient */,
				8710AB7E1A36D027000A1362 /* AlienClientTests */,
				8710AB641A36D026000A1362 /* Products */,
			);
			sourceTree = "<group>";
		};
		8710AB641A36D026000A1362 /* Products */ = {
			isa = PBXGroup;
			children = (
				8710AB631A36D026000A1362 /* AlienClient.app */,
				8710AB7B1A36D027000A1362 /* AlienClientTests.xctest */,
			);
			name = Products;
			sourceTree = "<group>";
		};
		8710AB651A36D026000A1362 /* AlienClient */ = {
			isa = PBXGroup;
			children = (
				8710AB681A36D027000A1362 /* AppDelegate.swift */,
				8710AB6D1A36D027000A1362 /* ViewController.swift */,
				8710AB6F1A36D027000A1362 /* Main.storyboard */,
				8710AB721A36D027000A1362 /* Images.xcassets */,
				8710AB741A36D027000A1362 /* LaunchScreen.xib */,
				8710AB6A1A36D027000A1362 /* AlienClient.xcdatamodeld */,
				8710AB661A36D027000A1362 /* Supporting Files */,
			);
			path = AlienClient;
			sourceTree = "<group>";
		};
		8710AB661A36D027000A1362 /* Supporting Files */ = {
			isa = PBXGroup;
			children = (
				8710AB671A36D027000A1362 /* Info.plist */,
			);
			name = "Supporting Files";
			sourceTree = "<group>";
		};
		8710AB7E1A36D027000A1362 /* AlienClientTests */ = {
			isa = PBXGroup;
			children = (
				8710AB811A36D027000A1362 /* AlienClientTests.swift */,
				8754BF481A3EC18D002FD73E /* AsyncTests.swift */,
				8710AB7F1A36D027000A1362 /* Supporting Files */,
			);
			path = AlienClientTests;
			sourceTree = "<group>";
		};
		8710AB7F1A36D027000A1362 /* Supporting Files */ = {
			isa = PBXGroup;
			children = (
				8710AB801A36D027000A1362 /* Info.plist */,
			);
			name = "Supporting Files";
			sourceTree = "<group>";
		};
		8710AB8C1A36D092000A1362 /* Products */ = {
			isa = PBXGroup;
			children = (
				8710AB911A36D092000A1362 /* Alamofire.framework */,
				8710AB931A36D092000A1362 /* AlamofireTests.xctest */,
			);
			name = Products;
			sourceTree = "<group>";
		};
		872299FB1A3A7F850087443D /* Products */ = {
			isa = PBXGroup;
			children = (
				87229A031A3A7F850087443D /* Nimble.framework */,
				87229A051A3A7F850087443D /* NimbleTests.xctest */,
				87229A071A3A7F850087443D /* Nimble.framework */,
				87229A091A3A7F850087443D /* Nimble-OSXTests.xctest */,
			);
			name = Products;
			sourceTree = "<group>";
		};
		87229A0B1A3A7F8B0087443D /* Products */ = {
			isa = PBXGroup;
			children = (
				87229A131A3A7F8B0087443D /* Quick.framework */,
				87229A151A3A7F8B0087443D /* Quick-OSXTests.xctest */,
				87229A171A3A7F8B0087443D /* Quick.framework */,
				87229A191A3A7F8B0087443D /* Quick-iOSTests.xctest */,
			);
			name = Products;
			sourceTree = "<group>";
		};
/* End PBXGroup section */

/* Begin PBXNativeTarget section */
		8710AB621A36D026000A1362 /* AlienClient */ = {
			isa = PBXNativeTarget;
			buildConfigurationList = 8710AB851A36D027000A1362 /* Build configuration list for PBXNativeTarget "AlienClient" */;
			buildPhases = (
				8710AB5F1A36D026000A1362 /* Sources */,
				8710AB601A36D026000A1362 /* Frameworks */,
				8710AB611A36D026000A1362 /* Resources */,
				8710AB961A36D0AD000A1362 /* Copy Frameworks */,
			);
			buildRules = (
			);
			dependencies = (
				87229A1F1A3A7FB30087443D /* PBXTargetDependency */,
				87229A211A3A7FB30087443D /* PBXTargetDependency */,
				8710AB951A36D09C000A1362 /* PBXTargetDependency */,
			);
			name = AlienClient;
			productName = AlienClient;
			productReference = 8710AB631A36D026000A1362 /* AlienClient.app */;
			productType = "com.apple.product-type.application";
		};
		8710AB7A1A36D027000A1362 /* AlienClientTests */ = {
			isa = PBXNativeTarget;
			buildConfigurationList = 8710AB881A36D027000A1362 /* Build configuration list for PBXNativeTarget "AlienClientTests" */;
			buildPhases = (
				8710AB771A36D027000A1362 /* Sources */,
				8710AB781A36D027000A1362 /* Frameworks */,
				8710AB791A36D027000A1362 /* Resources */,
			);
			buildRules = (
			);
			dependencies = (
				8710AB7D1A36D027000A1362 /* PBXTargetDependency */,
			);
			name = AlienClientTests;
			productName = AlienClientTests;
			productReference = 8710AB7B1A36D027000A1362 /* AlienClientTests.xctest */;
			productType = "com.apple.product-type.bundle.unit-test";
		};
/* End PBXNativeTarget section */

/* Begin PBXProject section */
		8710AB5B1A36D026000A1362 /* Project object */ = {
			isa = PBXProject;
			attributes = {
				LastUpgradeCheck = 0610;
				ORGANIZATIONNAME = ALN;
				TargetAttributes = {
					8710AB621A36D026000A1362 = {
						CreatedOnToolsVersion = 6.1.1;
					};
					8710AB7A1A36D027000A1362 = {
						CreatedOnToolsVersion = 6.1.1;
						TestTargetID = 8710AB621A36D026000A1362;
					};
				};
			};
			buildConfigurationList = 8710AB5E1A36D026000A1362 /* Build configuration list for PBXProject "AlienClient" */;
			compatibilityVersion = "Xcode 3.2";
			developmentRegion = English;
			hasScannedForEncodings = 0;
			knownRegions = (
				en,
				Base,
			);
			mainGroup = 8710AB5A1A36D026000A1362;
			productRefGroup = 8710AB641A36D026000A1362 /* Products */;
			projectDirPath = "";
			projectReferences = (
				{
					ProductGroup = 8710AB8C1A36D092000A1362 /* Products */;
					ProjectRef = 8710AB8B1A36D092000A1362 /* Alamofire.xcodeproj */;
				},
				{
					ProductGroup = 872299FB1A3A7F850087443D /* Products */;
					ProjectRef = 872299FA1A3A7F850087443D /* Nimble.xcodeproj */;
				},
				{
					ProductGroup = 87229A0B1A3A7F8B0087443D /* Products */;
					ProjectRef = 87229A0A1A3A7F8B0087443D /* Quick.xcodeproj */;
				},
			);
			projectRoot = "";
			targets = (
				8710AB621A36D026000A1362 /* AlienClient */,
				8710AB7A1A36D027000A1362 /* AlienClientTests */,
			);
		};
/* End PBXProject section */

/* Begin PBXReferenceProxy section */
		8710AB911A36D092000A1362 /* Alamofire.framework */ = {
			isa = PBXReferenceProxy;
			fileType = wrapper.framework;
			path = Alamofire.framework;
			remoteRef = 8710AB901A36D092000A1362 /* PBXContainerItemProxy */;
			sourceTree = BUILT_PRODUCTS_DIR;
		};
		8710AB931A36D092000A1362 /* AlamofireTests.xctest */ = {
			isa = PBXReferenceProxy;
			fileType = wrapper.cfbundle;
			path = AlamofireTests.xctest;
			remoteRef = 8710AB921A36D092000A1362 /* PBXContainerItemProxy */;
			sourceTree = BUILT_PRODUCTS_DIR;
		};
		87229A031A3A7F850087443D /* Nimble.framework */ = {
			isa = PBXReferenceProxy;
			fileType = wrapper.framework;
			path = Nimble.framework;
			remoteRef = 87229A021A3A7F850087443D /* PBXContainerItemProxy */;
			sourceTree = BUILT_PRODUCTS_DIR;
		};
		87229A051A3A7F850087443D /* NimbleTests.xctest */ = {
			isa = PBXReferenceProxy;
			fileType = wrapper.cfbundle;
			path = NimbleTests.xctest;
			remoteRef = 87229A041A3A7F850087443D /* PBXContainerItemProxy */;
			sourceTree = BUILT_PRODUCTS_DIR;
		};
		87229A071A3A7F850087443D /* Nimble.framework */ = {
			isa = PBXReferenceProxy;
			fileType = wrapper.framework;
			path = Nimble.framework;
			remoteRef = 87229A061A3A7F850087443D /* PBXContainerItemProxy */;
			sourceTree = BUILT_PRODUCTS_DIR;
		};
		87229A091A3A7F850087443D /* Nimble-OSXTests.xctest */ = {
			isa = PBXReferenceProxy;
			fileType = wrapper.cfbundle;
			path = "Nimble-OSXTests.xctest";
			remoteRef = 87229A081A3A7F850087443D /* PBXContainerItemProxy */;
			sourceTree = BUILT_PRODUCTS_DIR;
		};
		87229A131A3A7F8B0087443D /* Quick.framework */ = {
			isa = PBXReferenceProxy;
			fileType = wrapper.framework;
			path = Quick.framework;
			remoteRef = 87229A121A3A7F8B0087443D /* PBXContainerItemProxy */;
			sourceTree = BUILT_PRODUCTS_DIR;
		};
		87229A151A3A7F8B0087443D /* Quick-OSXTests.xctest */ = {
			isa = PBXReferenceProxy;
			fileType = wrapper.cfbundle;
			path = "Quick-OSXTests.xctest";
			remoteRef = 87229A141A3A7F8B0087443D /* PBXContainerItemProxy */;
			sourceTree = BUILT_PRODUCTS_DIR;
		};
		87229A171A3A7F8B0087443D /* Quick.framework */ = {
			isa = PBXReferenceProxy;
			fileType = wrapper.framework;
			path = Quick.framework;
			remoteRef = 87229A161A3A7F8B0087443D /* PBXContainerItemProxy */;
			sourceTree = BUILT_PRODUCTS_DIR;
		};
		87229A191A3A7F8B0087443D /* Quick-iOSTests.xctest */ = {
			isa = PBXReferenceProxy;
			fileType = wrapper.cfbundle;
			path = "Quick-iOSTests.xctest";
			remoteRef = 87229A181A3A7F8B0087443D /* PBXContainerItemProxy */;
			sourceTree = BUILT_PRODUCTS_DIR;
		};
/* End PBXReferenceProxy section */

/* Begin PBXResourcesBuildPhase section */
		8710AB611A36D026000A1362 /* Resources */ = {
			isa = PBXResourcesBuildPhase;
			buildActionMask = 2147483647;
			files = (
				8710AB711A36D027000A1362 /* Main.storyboard in Resources */,
				8710AB761A36D027000A1362 /* LaunchScreen.xib in Resources */,
				8710AB731A36D027000A1362 /* Images.xcassets in Resources */,
			);
			runOnlyForDeploymentPostprocessing = 0;
		};
		8710AB791A36D027000A1362 /* Resources */ = {
			isa = PBXResourcesBuildPhase;
			buildActionMask = 2147483647;
			files = (
			);
			runOnlyForDeploymentPostprocessing = 0;
		};
/* End PBXResourcesBuildPhase section */

/* Begin PBXSourcesBuildPhase section */
		8710AB5F1A36D026000A1362 /* Sources */ = {
			isa = PBXSourcesBuildPhase;
			buildActionMask = 2147483647;
			files = (
				8710AB6E1A36D027000A1362 /* ViewController.swift in Sources */,
				8710AB6C1A36D027000A1362 /* AlienClient.xcdatamodeld in Sources */,
				8710AB691A36D027000A1362 /* AppDelegate.swift in Sources */,
			);
			runOnlyForDeploymentPostprocessing = 0;
		};
		8710AB771A36D027000A1362 /* Sources */ = {
			isa = PBXSourcesBuildPhase;
			buildActionMask = 2147483647;
			files = (
				8754BF491A3EC18D002FD73E /* AsyncTests.swift in Sources */,
				8710AB821A36D027000A1362 /* AlienClientTests.swift in Sources */,
			);
			runOnlyForDeploymentPostprocessing = 0;
		};
/* End PBXSourcesBuildPhase section */

/* Begin PBXTargetDependency section */
		8710AB7D1A36D027000A1362 /* PBXTargetDependency */ = {
			isa = PBXTargetDependency;
			target = 8710AB621A36D026000A1362 /* AlienClient */;
			targetProxy = 8710AB7C1A36D027000A1362 /* PBXContainerItemProxy */;
		};
		8710AB951A36D09C000A1362 /* PBXTargetDependency */ = {
			isa = PBXTargetDependency;
			name = Alamofire;
			targetProxy = 8710AB941A36D09C000A1362 /* PBXContainerItemProxy */;
		};
		87229A1F1A3A7FB30087443D /* PBXTargetDependency */ = {
			isa = PBXTargetDependency;
			name = "Quick-iOS";
			targetProxy = 87229A1E1A3A7FB30087443D /* PBXContainerItemProxy */;
		};
		87229A211A3A7FB30087443D /* PBXTargetDependency */ = {
			isa = PBXTargetDependency;
			name = "Nimble-iOS";
			targetProxy = 87229A201A3A7FB30087443D /* PBXContainerItemProxy */;
		};
/* End PBXTargetDependency section */

/* Begin PBXVariantGroup section */
		8710AB6F1A36D027000A1362 /* Main.storyboard */ = {
			isa = PBXVariantGroup;
			children = (
				8710AB701A36D027000A1362 /* Base */,
			);
			name = Main.storyboard;
			sourceTree = "<group>";
		};
		8710AB741A36D027000A1362 /* LaunchScreen.xib */ = {
			isa = PBXVariantGroup;
			children = (
				8710AB751A36D027000A1362 /* Base */,
			);
			name = LaunchScreen.xib;
			sourceTree = "<group>";
		};
/* End PBXVariantGroup section */

/* Begin XCBuildConfiguration section */
		8710AB831A36D027000A1362 /* Debug */ = {
			isa = XCBuildConfiguration;
			buildSettings = {
				ALWAYS_SEARCH_USER_PATHS = NO;
				CLANG_CXX_LANGUAGE_STANDARD = "gnu++0x";
				CLANG_CXX_LIBRARY = "libc++";
				CLANG_ENABLE_MODULES = YES;
				CLANG_ENABLE_OBJC_ARC = YES;
				CLANG_WARN_BOOL_CONVERSION = YES;
				CLANG_WARN_CONSTANT_CONVERSION = YES;
				CLANG_WARN_DIRECT_OBJC_ISA_USAGE = YES_ERROR;
				CLANG_WARN_EMPTY_BODY = YES;
				CLANG_WARN_ENUM_CONVERSION = YES;
				CLANG_WARN_INT_CONVERSION = YES;
				CLANG_WARN_OBJC_ROOT_CLASS = YES_ERROR;
				CLANG_WARN_UNREACHABLE_CODE = YES;
				CLANG_WARN__DUPLICATE_METHOD_MATCH = YES;
				"CODE_SIGN_IDENTITY[sdk=iphoneos*]" = "iPhone Developer";
				COPY_PHASE_STRIP = NO;
				ENABLE_STRICT_OBJC_MSGSEND = YES;
				GCC_C_LANGUAGE_STANDARD = gnu99;
				GCC_DYNAMIC_NO_PIC = NO;
				GCC_OPTIMIZATION_LEVEL = 0;
				GCC_PREPROCESSOR_DEFINITIONS = (
					"DEBUG=1",
					"$(inherited)",
				);
				GCC_SYMBOLS_PRIVATE_EXTERN = NO;
				GCC_WARN_64_TO_32_BIT_CONVERSION = YES;
				GCC_WARN_ABOUT_RETURN_TYPE = YES_ERROR;
				GCC_WARN_UNDECLARED_SELECTOR = YES;
				GCC_WARN_UNINITIALIZED_AUTOS = YES_AGGRESSIVE;
				GCC_WARN_UNUSED_FUNCTION = YES;
				GCC_WARN_UNUSED_VARIABLE = YES;
				IPHONEOS_DEPLOYMENT_TARGET = 8.1;
				MTL_ENABLE_DEBUG_INFO = YES;
				ONLY_ACTIVE_ARCH = YES;
				SDKROOT = iphoneos;
				SWIFT_OPTIMIZATION_LEVEL = "-Onone";
			};
			name = Debug;
		};
		8710AB841A36D027000A1362 /* Release */ = {
			isa = XCBuildConfiguration;
			buildSettings = {
				ALWAYS_SEARCH_USER_PATHS = NO;
				CLANG_CXX_LANGUAGE_STANDARD = "gnu++0x";
				CLANG_CXX_LIBRARY = "libc++";
				CLANG_ENABLE_MODULES = YES;
				CLANG_ENABLE_OBJC_ARC = YES;
				CLANG_WARN_BOOL_CONVERSION = YES;
				CLANG_WARN_CONSTANT_CONVERSION = YES;
				CLANG_WARN_DIRECT_OBJC_ISA_USAGE = YES_ERROR;
				CLANG_WARN_EMPTY_BODY = YES;
				CLANG_WARN_ENUM_CONVERSION = YES;
				CLANG_WARN_INT_CONVERSION = YES;
				CLANG_WARN_OBJC_ROOT_CLASS = YES_ERROR;
				CLANG_WARN_UNREACHABLE_CODE = YES;
				CLANG_WARN__DUPLICATE_METHOD_MATCH = YES;
				"CODE_SIGN_IDENTITY[sdk=iphoneos*]" = "iPhone Developer";
				COPY_PHASE_STRIP = YES;
				ENABLE_NS_ASSERTIONS = NO;
				ENABLE_STRICT_OBJC_MSGSEND = YES;
				GCC_C_LANGUAGE_STANDARD = gnu99;
				GCC_WARN_64_TO_32_BIT_CONVERSION = YES;
				GCC_WARN_ABOUT_RETURN_TYPE = YES_ERROR;
				GCC_WARN_UNDECLARED_SELECTOR = YES;
				GCC_WARN_UNINITIALIZED_AUTOS = YES_AGGRESSIVE;
				GCC_WARN_UNUSED_FUNCTION = YES;
				GCC_WARN_UNUSED_VARIABLE = YES;
				IPHONEOS_DEPLOYMENT_TARGET = 8.1;
				MTL_ENABLE_DEBUG_INFO = NO;
				SDKROOT = iphoneos;
				VALIDATE_PRODUCT = YES;
			};
			name = Release;
		};
		8710AB861A36D027000A1362 /* Debug */ = {
			isa = XCBuildConfiguration;
			buildSettings = {
				ASSETCATALOG_COMPILER_APPICON_NAME = AppIcon;
				INFOPLIST_FILE = AlienClient/Info.plist;
				LD_RUNPATH_SEARCH_PATHS = "$(inherited) @executable_path/Frameworks";
				PRODUCT_NAME = "$(TARGET_NAME)";
			};
			name = Debug;
		};
		8710AB871A36D027000A1362 /* Release */ = {
			isa = XCBuildConfiguration;
			buildSettings = {
				ASSETCATALOG_COMPILER_APPICON_NAME = AppIcon;
				INFOPLIST_FILE = AlienClient/Info.plist;
				LD_RUNPATH_SEARCH_PATHS = "$(inherited) @executable_path/Frameworks";
				PRODUCT_NAME = "$(TARGET_NAME)";
			};
			name = Release;
		};
		8710AB891A36D027000A1362 /* Debug */ = {
			isa = XCBuildConfiguration;
			buildSettings = {
				BUNDLE_LOADER = "$(TEST_HOST)";
				FRAMEWORK_SEARCH_PATHS = (
					"$(SDKROOT)/Developer/Library/Frameworks",
					"$(inherited)",
				);
				GCC_PREPROCESSOR_DEFINITIONS = (
					"DEBUG=1",
					"$(inherited)",
				);
				INFOPLIST_FILE = AlienClientTests/Info.plist;
				LD_RUNPATH_SEARCH_PATHS = "$(inherited) @executable_path/Frameworks @loader_path/Frameworks";
				PRODUCT_NAME = "$(TARGET_NAME)";
				TEST_HOST = "$(BUILT_PRODUCTS_DIR)/AlienClient.app/AlienClient";
			};
			name = Debug;
		};
		8710AB8A1A36D027000A1362 /* Release */ = {
			isa = XCBuildConfiguration;
			buildSettings = {
				BUNDLE_LOADER = "$(TEST_HOST)";
				FRAMEWORK_SEARCH_PATHS = (
					"$(SDKROOT)/Developer/Library/Frameworks",
					"$(inherited)",
				);
				INFOPLIST_FILE = AlienClientTests/Info.plist;
				LD_RUNPATH_SEARCH_PATHS = "$(inherited) @executable_path/Frameworks @loader_path/Frameworks";
				PRODUCT_NAME = "$(TARGET_NAME)";
				TEST_HOST = "$(BUILT_PRODUCTS_DIR)/AlienClient.app/AlienClient";
			};
			name = Release;
		};
/* End XCBuildConfiguration section */

/* Begin XCConfigurationList section */
		8710AB5E1A36D026000A1362 /* Build configuration list for PBXProject "AlienClient" */ = {
			isa = XCConfigurationList;
			buildConfigurations = (
				8710AB831A36D027000A1362 /* Debug */,
				8710AB841A36D027000A1362 /* Release */,
			);
			defaultConfigurationIsVisible = 0;
			defaultConfigurationName = Release;
		};
		8710AB851A36D027000A1362 /* Build configuration list for PBXNativeTarget "AlienClient" */ = {
			isa = XCConfigurationList;
			buildConfigurations = (
				8710AB861A36D027000A1362 /* Debug */,
				8710AB871A36D027000A1362 /* Release */,
			);
			defaultConfigurationIsVisible = 0;
			defaultConfigurationName = Release;
		};
		8710AB881A36D027000A1362 /* Build configuration list for PBXNativeTarget "AlienClientTests" */ = {
			isa = XCConfigurationList;
			buildConfigurations = (
				8710AB891A36D027000A1362 /* Debug */,
				8710AB8A1A36D027000A1362 /* Release */,
			);
			defaultConfigurationIsVisible = 0;
			defaultConfigurationName = Release;
		};
/* End XCConfigurationList section */

/* Begin XCVersionGroup section */
		8710AB6A1A36D027000A1362 /* AlienClient.xcdatamodeld */ = {
			isa = XCVersionGroup;
			children = (
				8710AB6B1A36D027000A1362 /* AlienClient.xcdatamodel */,
			);
			currentVersion = 8710AB6B1A36D027000A1362 /* AlienClient.xcdatamodel */;
			path = AlienClient.xcdatamodeld;
			sourceTree = "<group>";
			versionGroupType = wrapper.xcdatamodel;
		};
/* End XCVersionGroup section */
	};
	rootObject = 8710AB5B1A36D026000A1362 /* Project object */;
}
